
Microsoft Visual Studio Solution File, Format Version 12.00
# Visual Studio Version 17
VisualStudioVersion = 17.0.31710.8
MinimumVisualStudioVersion = 10.0.40219.1
Project("{2150E333-8FDC-42A3-9474-1A3956D46DE8}") = "Docs", "Docs", "{BC1B6966-CBEF-4107-A708-0C6DC37D606D}"
EndProject
Project("{9A19103F-16F7-4668-BE54-9A1E7A4F7556}") = "Tabler.Docs.Server", "docs\Tabler.Docs.Server\Tabler.Docs.Server.csproj", "{AB9C8A88-E800-4A1E-917D-B15E5D7241C8}"
EndProject
Project("{9A19103F-16F7-4668-BE54-9A1E7A4F7556}") = "Tabler.Docs", "docs\Tabler.Docs\Tabler.Docs.csproj", "{ABA6934F-8630-4C75-A4A9-B8504B9AA629}"
EndProject
Project("{9A19103F-16F7-4668-BE54-9A1E7A4F7556}") = "Tabler.Docs.Wasm", "docs\Tabler.Docs.Wasm\Tabler.Docs.Wasm.csproj", "{201D070B-83BD-4FE4-8BEF-FC50ACE97114}"
EndProject
Project("{9A19103F-16F7-4668-BE54-9A1E7A4F7556}") = "TabBlazor", "src\TabBlazor\TabBlazor.csproj", "{12670973-FFE5-4B66-A898-1689AA02BF77}"
EndProject
Project("{9A19103F-16F7-4668-BE54-9A1E7A4F7556}") = "IconGenerator", "Icons\IconGenerator\IconGenerator.csproj", "{4132F8E3-B0F0-40B3-BEA2-87FCBB8EAC8E}"
EndProject
Project("{2150E333-8FDC-42A3-9474-1A3956D46DE8}") = "Icons", "Icons", "{512C1DEA-9A7A-4881-B38D-2BE3E5DA7926}"
EndProject
Project("{9A19103F-16F7-4668-BE54-9A1E7A4F7556}") = "TabBlazor.Tests", "TabBlazor.Tests\TabBlazor.Tests.csproj", "{DD4D7CA5-DF81-4D84-BBB6-EFF0B273A66B}"
EndProject
Project("{2150E333-8FDC-42A3-9474-1A3956D46DE8}") = "Tests", "Tests", "{7052ECDB-B494-4D43-971C-B422EDA78F27}"
EndProject
Project("{9A19103F-16F7-4668-BE54-9A1E7A4F7556}") = "TabBlazor.QuickTable.EntityFramework", "src\TabBlazor.QuickTable.EntityFramework\TabBlazor.QuickTable.EntityFramework.csproj", "{0AF8928D-CF36-464F-89A5-C3757426AFBE}"
EndProject
Project("{2150E333-8FDC-42A3-9474-1A3956D46DE8}") = ".github", ".github", "{AE73F67B-14A5-48A7-9654-FF8A7755169A}"
	ProjectSection(SolutionItems) = preProject
		.gitattributes = .gitattributes
		.github\workflows\ci-pr.yml = .github\workflows\ci-pr.yml
		.github\workflows\ci.yml = .github\workflows\ci.yml
		.github\workflows\manual-build.yml = .github\workflows\manual-build.yml
		.github\workflows\release.yml = .github\workflows\release.yml
	EndProjectSection
EndProject
Project("{2150E333-8FDC-42A3-9474-1A3956D46DE8}") = ".items", ".items", "{4CD62C60-20D7-4123-94B0-0E1D6C9C86D4}"
	ProjectSection(SolutionItems) = preProject
		README.md = README.md
	EndProjectSection
EndProject
Global
	GlobalSection(SolutionConfigurationPlatforms) = preSolution
		Debug|Any CPU = Debug|Any CPU
		Release|Any CPU = Release|Any CPU
	EndGlobalSection
	GlobalSection(ProjectConfigurationPlatforms) = postSolution
		{AB9C8A88-E800-4A1E-917D-B15E5D7241C8}.Debug|Any CPU.ActiveCfg = Debug|Any CPU
		{AB9C8A88-E800-4A1E-917D-B15E5D7241C8}.Debug|Any CPU.Build.0 = Debug|Any CPU
		{AB9C8A88-E800-4A1E-917D-B15E5D7241C8}.Release|Any CPU.ActiveCfg = Release|Any CPU
		{AB9C8A88-E800-4A1E-917D-B15E5D7241C8}.Release|Any CPU.Build.0 = Release|Any CPU
		{ABA6934F-8630-4C75-A4A9-B8504B9AA629}.Debug|Any CPU.ActiveCfg = Debug|Any CPU
		{ABA6934F-8630-4C75-A4A9-B8504B9AA629}.Debug|Any CPU.Build.0 = Debug|Any CPU
		{ABA6934F-8630-4C75-A4A9-B8504B9AA629}.Release|Any CPU.ActiveCfg = Release|Any CPU
		{ABA6934F-8630-4C75-A4A9-B8504B9AA629}.Release|Any CPU.Build.0 = Release|Any CPU
		{201D070B-83BD-4FE4-8BEF-FC50ACE97114}.Debug|Any CPU.ActiveCfg = Debug|Any CPU
		{201D070B-83BD-4FE4-8BEF-FC50ACE97114}.Debug|Any CPU.Build.0 = Debug|Any CPU
		{201D070B-83BD-4FE4-8BEF-FC50ACE97114}.Release|Any CPU.ActiveCfg = Release|Any CPU
		{201D070B-83BD-4FE4-8BEF-FC50ACE97114}.Release|Any CPU.Build.0 = Release|Any CPU
		{12670973-FFE5-4B66-A898-1689AA02BF77}.Debug|Any CPU.ActiveCfg = Debug|Any CPU
		{12670973-FFE5-4B66-A898-1689AA02BF77}.Debug|Any CPU.Build.0 = Debug|Any CPU
		{12670973-FFE5-4B66-A898-1689AA02BF77}.Release|Any CPU.ActiveCfg = Release|Any CPU
		{12670973-FFE5-4B66-A898-1689AA02BF77}.Release|Any CPU.Build.0 = Release|Any CPU
		{4132F8E3-B0F0-40B3-BEA2-87FCBB8EAC8E}.Debug|Any CPU.ActiveCfg = Debug|Any CPU
		{4132F8E3-B0F0-40B3-BEA2-87FCBB8EAC8E}.Debug|Any CPU.Build.0 = Debug|Any CPU
		{4132F8E3-B0F0-40B3-BEA2-87FCBB8EAC8E}.Release|Any CPU.ActiveCfg = Release|Any CPU
		{4132F8E3-B0F0-40B3-BEA2-87FCBB8EAC8E}.Release|Any CPU.Build.0 = Release|Any CPU
		{DD4D7CA5-DF81-4D84-BBB6-EFF0B273A66B}.Debug|Any CPU.ActiveCfg = Debug|Any CPU
		{DD4D7CA5-DF81-4D84-BBB6-EFF0B273A66B}.Debug|Any CPU.Build.0 = Debug|Any CPU
		{DD4D7CA5-DF81-4D84-BBB6-EFF0B273A66B}.Release|Any CPU.ActiveCfg = Release|Any CPU
		{DD4D7CA5-DF81-4D84-BBB6-EFF0B273A66B}.Release|Any CPU.Build.0 = Release|Any CPU
		{0AF8928D-CF36-464F-89A5-C3757426AFBE}.Debug|Any CPU.ActiveCfg = Debug|Any CPU
		{0AF8928D-CF36-464F-89A5-C3757426AFBE}.Debug|Any CPU.Build.0 = Debug|Any CPU
		{0AF8928D-CF36-464F-89A5-C3757426AFBE}.Release|Any CPU.ActiveCfg = Release|Any CPU
		{0AF8928D-CF36-464F-89A5-C3757426AFBE}.Release|Any CPU.Build.0 = Release|Any CPU
	EndGlobalSection
	GlobalSection(SolutionProperties) = preSolution
		HideSolutionNode = FALSE
	EndGlobalSection
	GlobalSection(NestedProjects) = preSolution
		{AB9C8A88-E800-4A1E-917D-B15E5D7241C8} = {BC1B6966-CBEF-4107-A708-0C6DC37D606D}
		{ABA6934F-8630-4C75-A4A9-B8504B9AA629} = {BC1B6966-CBEF-4107-A708-0C6DC37D606D}
		{201D070B-83BD-4FE4-8BEF-FC50ACE97114} = {BC1B6966-CBEF-4107-A708-0C6DC37D606D}
		{4132F8E3-B0F0-40B3-BEA2-87FCBB8EAC8E} = {512C1DEA-9A7A-4881-B38D-2BE3E5DA7926}
		{DD4D7CA5-DF81-4D84-BBB6-EFF0B273A66B} = {7052ECDB-B494-4D43-971C-B422EDA78F27}
	EndGlobalSection
	GlobalSection(ExtensibilityGlobals) = postSolution
		SolutionGuid = {FE9B41A8-AEAC-4181-A5C5-0CCA8C2A53BB}
	EndGlobalSection
EndGlobal
